
Microsoft Visual Studio Solution File, Format Version 12.00
# Visual Studio 2013
VisualStudioVersion = 12.0.40629.0
MinimumVisualStudioVersion = 10.0.40219.1
Project("{8BC9CEB8-8B4A-11D0-8D11-00A0C91BC942}") = "ffmpeg", "ffmpeg.vcxproj", "{E6DABD53-B31B-4717-BA55-39AB03673F67}"
EndProject
Project("{8BC9CEB8-8B4A-11D0-8D11-00A0C91BC942}") = "test", "test\test.vcxproj", "{FC116916-B515-4962-AB6D-1F221313C0D2}"
EndProject
Project("{8BC9CEB8-8B4A-11D0-8D11-00A0C91BC942}") = "RTSPRecorder", "RTSPRecorder\RTSPRecorder.vcxproj", "{A1B8CAD2-A630-4333-B72E-457FBB3C18D7}"
EndProject
Global
	GlobalSection(SolutionConfigurationPlatforms) = preSolution
		Debug|Win32 = Debug|Win32
		Release|Win32 = Release|Win32
	EndGlobalSection
	GlobalSection(ProjectConfigurationPlatforms) = postSolution
		{E6DABD53-B31B-4717-BA55-39AB03673F67}.Debug|Win32.ActiveCfg = Debug|Win32
		{E6DABD53-B31B-4717-BA55-39AB03673F67}.Debug|Win32.Build.0 = Debug|Win32
		{E6DABD53-B31B-4717-BA55-39AB03673F67}.Release|Win32.ActiveCfg = Release|Win32
		{E6DABD53-B31B-4717-BA55-39AB03673F67}.Release|Win32.Build.0 = Release|Win32
		{FC116916-B515-4962-AB6D-1F221313C0D2}.Debug|Win32.ActiveCfg = Debug|Win32
		{FC116916-B515-4962-AB6D-1F221313C0D2}.Debug|Win32.Build.0 = Debug|Win32
		{FC116916-B515-4962-AB6D-1F221313C0D2}.Release|Win32.ActiveCfg = Release|Win32
		{FC116916-B515-4962-AB6D-1F221313C0D2}.Release|Win32.Build.0 = Release|Win32
		{A1B8CAD2-A630-4333-B72E-457FBB3C18D7}.Debug|Win32.ActiveCfg = Debug|Win32
		{A1B8CAD2-A630-4333-B72E-457FBB3C18D7}.Debug|Win32.Build.0 = Debug|Win32
		{A1B8CAD2-A630-4333-B72E-457FBB3C18D7}.Release|Win32.ActiveCfg = Release|Win32
		{A1B8CAD2-A630-4333-B72E-457FBB3C18D7}.Release|Win32.Build.0 = Release|Win32
	EndGlobalSection
	GlobalSection(SolutionProperties) = preSolution
		HideSolutionNode = FALSE
	EndGlobalSection
EndGlobal
